
Microsoft Visual Studio Solution File, Format Version 12.00
# Visual Studio Version 17
VisualStudioVersion = 17.3.32811.315
MinimumVisualStudioVersion = 10.0.40219.1
Project("{FAE04EC0-301F-11D3-BF4B-00C04F79EFBC}") = "Mutanti", "Mutanti\Mutanti.csproj", "{5FA5C79B-9C80-42E1-96BE-DA6522057508}"
EndProject
Global
	GlobalSection(SolutionConfigurationPlatforms) = preSolution
		Debug|Any CPU = Debug|Any CPU
		Release|Any CPU = Release|Any CPU
	EndGlobalSection
	GlobalSection(ProjectConfigurationPlatforms) = postSolution
		{5FA5C79B-9C80-42E1-96BE-DA6522057508}.Debug|Any CPU.ActiveCfg = Debug|Any CPU
		{5FA5C79B-9C80-42E1-96BE-DA6522057508}.Debug|Any CPU.Build.0 = Debug|Any CPU
		{5FA5C79B-9C80-42E1-96BE-DA6522057508}.Release|Any CPU.ActiveCfg = Release|Any CPU
		{5FA5C79B-9C80-42E1-96BE-DA6522057508}.Release|Any CPU.Build.0 = Release|Any CPU
	EndGlobalSection
	GlobalSection(SolutionProperties) = preSolution
		HideSolutionNode = FALSE
	EndGlobalSection
	GlobalSection(ExtensibilityGlobals) = postSolution
		SolutionGuid = {375A0CC3-88B2-43C0-9976-F6DA74AFC69C}
	EndGlobalSection
EndGlobal
